// !$*UTF8*$!
{
	archiveVersion = 1;
	classes = {
	};
	objectVersion = 46;
	objects = {

/* Begin PBXBuildFile section */
		3039A32418B0DF61006DAA28 /* spatdif_external.cpp in Sources */ = {isa = PBXBuildFile; fileRef = 3039A32318B0DF61006DAA28 /* spatdif_external.cpp */; };
		30CE5AC418D06B4A0019F1A9 /* libspatdif.dylib in Frameworks */ = {isa = PBXBuildFile; fileRef = 30CE5AC318D06B4A0019F1A9 /* libspatdif.dylib */; };
		30F86C7818CF56CF00BFC840 /* sdConst.h in Headers */ = {isa = PBXBuildFile; fileRef = 30F86C6A18CF56CF00BFC840 /* sdConst.h */; };
		30F86C7918CF56CF00BFC840 /* sdDate.h in Headers */ = {isa = PBXBuildFile; fileRef = 30F86C6B18CF56CF00BFC840 /* sdDate.h */; };
		30F86C7A18CF56CF00BFC840 /* sdEntity.h in Headers */ = {isa = PBXBuildFile; fileRef = 30F86C6C18CF56CF00BFC840 /* sdEntity.h */; };
		30F86C7B18CF56CF00BFC840 /* sdEntityCore.h in Headers */ = {isa = PBXBuildFile; fileRef = 30F86C6D18CF56CF00BFC840 /* sdEntityCore.h */; };
		30F86C7C18CF56CF00BFC840 /* sdEntityExtension.h in Headers */ = {isa = PBXBuildFile; fileRef = 30F86C6E18CF56CF00BFC840 /* sdEntityExtension.h */; };
		30F86C7D18CF56CF00BFC840 /* sdEntityExtensionMedia.h in Headers */ = {isa = PBXBuildFile; fileRef = 30F86C6F18CF56CF00BFC840 /* sdEntityExtensionMedia.h */; };
		30F86C7E18CF56CF00BFC840 /* sdInfo.h in Headers */ = {isa = PBXBuildFile; fileRef = 30F86C7018CF56CF00BFC840 /* sdInfo.h */; };
		30F86C7F18CF56CF00BFC840 /* sdLoader.h in Headers */ = {isa = PBXBuildFile; fileRef = 30F86C7118CF56CF00BFC840 /* sdLoader.h */; };
		30F86C8018CF56CF00BFC840 /* sdMain.h in Headers */ = {isa = PBXBuildFile; fileRef = 30F86C7218CF56CF00BFC840 /* sdMain.h */; };
		30F86C8118CF56CF00BFC840 /* sdOSCConverter.h in Headers */ = {isa = PBXBuildFile; fileRef = 30F86C7318CF56CF00BFC840 /* sdOSCConverter.h */; };
		30F86C8218CF56CF00BFC840 /* sdOSCMessage.h in Headers */ = {isa = PBXBuildFile; fileRef = 30F86C7418CF56CF00BFC840 /* sdOSCMessage.h */; };
		30F86C8318CF56CF00BFC840 /* sdOSCResponder.h in Headers */ = {isa = PBXBuildFile; fileRef = 30F86C7518CF56CF00BFC840 /* sdOSCResponder.h */; };
		30F86C8418CF56CF00BFC840 /* sdSaver.h in Headers */ = {isa = PBXBuildFile; fileRef = 30F86C7618CF56CF00BFC840 /* sdSaver.h */; };
		30F86C8518CF56CF00BFC840 /* sdScene.h in Headers */ = {isa = PBXBuildFile; fileRef = 30F86C7718CF56CF00BFC840 /* sdScene.h */; };
/* End PBXBuildFile section */

/* Begin PBXCopyFilesBuildPhase section */
		3039A32B18B26545006DAA28 /* CopyFiles */ = {
			isa = PBXCopyFilesBuildPhase;
			buildActionMask = 2147483647;
			dstPath = "";
			dstSubfolderSpec = 7;
			files = (
			);
			runOnlyForDeploymentPostprocessing = 0;
		};
/* End PBXCopyFilesBuildPhase section */

/* Begin PBXFileReference section */
		22CF10220EE984600054F513 /* maxmspsdk.xcconfig */ = {isa = PBXFileReference; fileEncoding = 4; lastKnownFileType = text.xcconfig; name = maxmspsdk.xcconfig; path = ../../maxmspsdk.xcconfig; sourceTree = SOURCE_ROOT; };
		2FBBEAE508F335360078DB84 /* spatdif.mxo */ = {isa = PBXFileReference; explicitFileType = wrapper.cfbundle; includeInIndex = 0; path = spatdif.mxo; sourceTree = BUILT_PRODUCTS_DIR; };
		3039A32318B0DF61006DAA28 /* spatdif_external.cpp */ = {isa = PBXFileReference; fileEncoding = 4; lastKnownFileType = sourcecode.cpp.cpp; path = spatdif_external.cpp; sourceTree = "<group>"; };
		30CE5AC318D06B4A0019F1A9 /* libspatdif.dylib */ = {isa = PBXFileReference; lastKnownFileType = "compiled.mach-o.dylib"; name = libspatdif.dylib; path = ../../../../../spatdiflib/src/libspatdif.dylib; sourceTree = "<group>"; };
		30F86C6A18CF56CF00BFC840 /* sdConst.h */ = {isa = PBXFileReference; fileEncoding = 4; lastKnownFileType = sourcecode.c.h; name = sdConst.h; path = ../../../../../spatdiflib/src/sdConst.h; sourceTree = "<group>"; };
		30F86C6B18CF56CF00BFC840 /* sdDate.h */ = {isa = PBXFileReference; fileEncoding = 4; lastKnownFileType = sourcecode.c.h; name = sdDate.h; path = ../../../../../spatdiflib/src/sdDate.h; sourceTree = "<group>"; };
		30F86C6C18CF56CF00BFC840 /* sdEntity.h */ = {isa = PBXFileReference; fileEncoding = 4; lastKnownFileType = sourcecode.c.h; name = sdEntity.h; path = ../../../../../spatdiflib/src/sdEntity.h; sourceTree = "<group>"; };
		30F86C6D18CF56CF00BFC840 /* sdEntityCore.h */ = {isa = PBXFileReference; fileEncoding = 4; lastKnownFileType = sourcecode.c.h; name = sdEntityCore.h; path = ../../../../../spatdiflib/src/sdEntityCore.h; sourceTree = "<group>"; };
		30F86C6E18CF56CF00BFC840 /* sdEntityExtension.h */ = {isa = PBXFileReference; fileEncoding = 4; lastKnownFileType = sourcecode.c.h; name = sdEntityExtension.h; path = ../../../../../spatdiflib/src/sdEntityExtension.h; sourceTree = "<group>"; };
		30F86C6F18CF56CF00BFC840 /* sdEntityExtensionMedia.h */ = {isa = PBXFileReference; fileEncoding = 4; lastKnownFileType = sourcecode.c.h; name = sdEntityExtensionMedia.h; path = ../../../../../spatdiflib/src/sdEntityExtensionMedia.h; sourceTree = "<group>"; };
		30F86C7018CF56CF00BFC840 /* sdInfo.h */ = {isa = PBXFileReference; fileEncoding = 4; lastKnownFileType = sourcecode.c.h; name = sdInfo.h; path = ../../../../../spatdiflib/src/sdInfo.h; sourceTree = "<group>"; };
		30F86C7118CF56CF00BFC840 /* sdLoader.h */ = {isa = PBXFileReference; fileEncoding = 4; lastKnownFileType = sourcecode.c.h; name = sdLoader.h; path = ../../../../../spatdiflib/src/sdLoader.h; sourceTree = "<group>"; };
		30F86C7218CF56CF00BFC840 /* sdMain.h */ = {isa = PBXFileReference; fileEncoding = 4; lastKnownFileType = sourcecode.c.h; name = sdMain.h; path = ../../../../../spatdiflib/src/sdMain.h; sourceTree = "<group>"; };
		30F86C7318CF56CF00BFC840 /* sdOSCConverter.h */ = {isa = PBXFileReference; fileEncoding = 4; lastKnownFileType = sourcecode.c.h; name = sdOSCConverter.h; path = ../../../../../spatdiflib/src/sdOSCConverter.h; sourceTree = "<group>"; };
		30F86C7418CF56CF00BFC840 /* sdOSCMessage.h */ = {isa = PBXFileReference; fileEncoding = 4; lastKnownFileType = sourcecode.c.h; name = sdOSCMessage.h; path = ../../../../../spatdiflib/src/sdOSCMessage.h; sourceTree = "<group>"; };
		30F86C7518CF56CF00BFC840 /* sdOSCResponder.h */ = {isa = PBXFileReference; fileEncoding = 4; lastKnownFileType = sourcecode.c.h; name = sdOSCResponder.h; path = ../../../../../spatdiflib/src/sdOSCResponder.h; sourceTree = "<group>"; };
		30F86C7618CF56CF00BFC840 /* sdSaver.h */ = {isa = PBXFileReference; fileEncoding = 4; lastKnownFileType = sourcecode.c.h; name = sdSaver.h; path = ../../../../../spatdiflib/src/sdSaver.h; sourceTree = "<group>"; };
		30F86C7718CF56CF00BFC840 /* sdScene.h */ = {isa = PBXFileReference; fileEncoding = 4; lastKnownFileType = sourcecode.c.h; name = sdScene.h; path = ../../../../../spatdiflib/src/sdScene.h; sourceTree = "<group>"; };
/* End PBXFileReference section */

/* Begin PBXFrameworksBuildPhase section */
		2FBBEADC08F335360078DB84 /* Frameworks */ = {
			isa = PBXFrameworksBuildPhase;
			buildActionMask = 2147483647;
			files = (
				30CE5AC418D06B4A0019F1A9 /* libspatdif.dylib in Frameworks */,
			);
			runOnlyForDeploymentPostprocessing = 0;
		};
/* End PBXFrameworksBuildPhase section */

/* Begin PBXGroup section */
		089C166AFE841209C02AAC07 /* iterator */ = {
			isa = PBXGroup;
			children = (
				30CE5AC318D06B4A0019F1A9 /* libspatdif.dylib */,
				3039A32318B0DF61006DAA28 /* spatdif_external.cpp */,
				3039A30318B0D8AA006DAA28 /* Resources */,
				22CF10220EE984600054F513 /* maxmspsdk.xcconfig */,
				19C28FB4FE9D528D11CA2CBB /* Products */,
			);
			name = iterator;
			sourceTree = "<group>";
		};
		19C28FB4FE9D528D11CA2CBB /* Products */ = {
			isa = PBXGroup;
			children = (
				2FBBEAE508F335360078DB84 /* spatdif.mxo */,
			);
			name = Products;
			sourceTree = "<group>";
		};
		3039A30318B0D8AA006DAA28 /* Resources */ = {
			isa = PBXGroup;
			children = (
				30F86C6918CF56C400BFC840 /* includes */,
			);
			name = Resources;
			sourceTree = "<group>";
		};
		30F86C6918CF56C400BFC840 /* includes */ = {
			isa = PBXGroup;
			children = (
				30F86C6A18CF56CF00BFC840 /* sdConst.h */,
				30F86C6B18CF56CF00BFC840 /* sdDate.h */,
				30F86C6C18CF56CF00BFC840 /* sdEntity.h */,
				30F86C6D18CF56CF00BFC840 /* sdEntityCore.h */,
				30F86C6E18CF56CF00BFC840 /* sdEntityExtension.h */,
				30F86C6F18CF56CF00BFC840 /* sdEntityExtensionMedia.h */,
				30F86C7018CF56CF00BFC840 /* sdInfo.h */,
				30F86C7118CF56CF00BFC840 /* sdLoader.h */,
				30F86C7218CF56CF00BFC840 /* sdMain.h */,
				30F86C7318CF56CF00BFC840 /* sdOSCConverter.h */,
				30F86C7418CF56CF00BFC840 /* sdOSCMessage.h */,
				30F86C7518CF56CF00BFC840 /* sdOSCResponder.h */,
				30F86C7618CF56CF00BFC840 /* sdSaver.h */,
				30F86C7718CF56CF00BFC840 /* sdScene.h */,
			);
			name = includes;
			sourceTree = "<group>";
		};
/* End PBXGroup section */

/* Begin PBXHeadersBuildPhase section */
		2FBBEAD708F335360078DB84 /* Headers */ = {
			isa = PBXHeadersBuildPhase;
			buildActionMask = 2147483647;
			files = (
				30F86C8518CF56CF00BFC840 /* sdScene.h in Headers */,
				30F86C7818CF56CF00BFC840 /* sdConst.h in Headers */,
				30F86C8418CF56CF00BFC840 /* sdSaver.h in Headers */,
				30F86C7D18CF56CF00BFC840 /* sdEntityExtensionMedia.h in Headers */,
				30F86C7B18CF56CF00BFC840 /* sdEntityCore.h in Headers */,
				30F86C8218CF56CF00BFC840 /* sdOSCMessage.h in Headers */,
				30F86C7E18CF56CF00BFC840 /* sdInfo.h in Headers */,
				30F86C8118CF56CF00BFC840 /* sdOSCConverter.h in Headers */,
				30F86C8018CF56CF00BFC840 /* sdMain.h in Headers */,
				30F86C7C18CF56CF00BFC840 /* sdEntityExtension.h in Headers */,
				30F86C8318CF56CF00BFC840 /* sdOSCResponder.h in Headers */,
				30F86C7A18CF56CF00BFC840 /* sdEntity.h in Headers */,
				30F86C7F18CF56CF00BFC840 /* sdLoader.h in Headers */,
				30F86C7918CF56CF00BFC840 /* sdDate.h in Headers */,
			);
			runOnlyForDeploymentPostprocessing = 0;
		};
/* End PBXHeadersBuildPhase section */

/* Begin PBXNativeTarget section */
		2FBBEAD608F335360078DB84 /* max-external */ = {
			isa = PBXNativeTarget;
			buildConfigurationList = 2FBBEAE008F335360078DB84 /* Build configuration list for PBXNativeTarget "max-external" */;
			buildPhases = (
				2FBBEAD708F335360078DB84 /* Headers */,
				2FBBEAD808F335360078DB84 /* Resources */,
				2FBBEADA08F335360078DB84 /* Sources */,
				2FBBEADC08F335360078DB84 /* Frameworks */,
				3039A32B18B26545006DAA28 /* CopyFiles */,
				2FBBEADF08F335360078DB84 /* Rez */,
			);
			buildRules = (
			);
			dependencies = (
			);
			name = "max-external";
			productName = iterator;
			productReference = 2FBBEAE508F335360078DB84 /* spatdif.mxo */;
			productType = "com.apple.product-type.bundle";
		};
/* End PBXNativeTarget section */

/* Begin PBXProject section */
		089C1669FE841209C02AAC07 /* Project object */ = {
			isa = PBXProject;
			attributes = {
				LastUpgradeCheck = 0460;
			};
			buildConfigurationList = 2FBBEACF08F335010078DB84 /* Build configuration list for PBXProject "spatdif" */;
			compatibilityVersion = "Xcode 3.2";
			developmentRegion = English;
			hasScannedForEncodings = 1;
			knownRegions = (
				en,
			);
			mainGroup = 089C166AFE841209C02AAC07 /* iterator */;
			projectDirPath = "";
			projectRoot = "";
			targets = (
				2FBBEAD608F335360078DB84 /* max-external */,
			);
		};
/* End PBXProject section */

/* Begin PBXResourcesBuildPhase section */
		2FBBEAD808F335360078DB84 /* Resources */ = {
			isa = PBXResourcesBuildPhase;
			buildActionMask = 2147483647;
			files = (
			);
			runOnlyForDeploymentPostprocessing = 0;
		};
/* End PBXResourcesBuildPhase section */

/* Begin PBXRezBuildPhase section */
		2FBBEADF08F335360078DB84 /* Rez */ = {
			isa = PBXRezBuildPhase;
			buildActionMask = 2147483647;
			files = (
			);
			runOnlyForDeploymentPostprocessing = 0;
		};
/* End PBXRezBuildPhase section */

/* Begin PBXSourcesBuildPhase section */
		2FBBEADA08F335360078DB84 /* Sources */ = {
			isa = PBXSourcesBuildPhase;
			buildActionMask = 2147483647;
			files = (
				3039A32418B0DF61006DAA28 /* spatdif_external.cpp in Sources */,
			);
			runOnlyForDeploymentPostprocessing = 0;
		};
/* End PBXSourcesBuildPhase section */

/* Begin XCBuildConfiguration section */
		2FBBEAD008F335010078DB84 /* Development */ = {
			isa = XCBuildConfiguration;
			buildSettings = {
				MACOSX_DEPLOYMENT_TARGET = 10.6;
				PRODUCT_NAME = spatdif;
				WRAPPER_EXTENSION = .mxo;
			};
			name = Development;
		};
		2FBBEAD108F335010078DB84 /* Deployment */ = {
			isa = XCBuildConfiguration;
			buildSettings = {
				MACOSX_DEPLOYMENT_TARGET = 10.6;
				PRODUCT_NAME = spatdif;
				WRAPPER_EXTENSION = .mxo;
			};
			name = Deployment;
		};
		2FBBEAE108F335360078DB84 /* Development */ = {
			isa = XCBuildConfiguration;
			baseConfigurationReference = 22CF10220EE984600054F513 /* maxmspsdk.xcconfig */;
			buildSettings = {
				C74SUPPORT = "$(SRCROOT)/../../../Max_SDK/c74support";
				COMBINE_HIDPI_IMAGES = YES;
				COPY_PHASE_STRIP = NO;
				DSTROOT = "$(SRCROOT)/build";
				GCC_OPTIMIZATION_LEVEL = 0;
				GCC_VERSION = com.apple.compilers.llvm.clang.1_0;
				HEADER_SEARCH_PATHS = (
					/Developer/Headers/FlatCarbon,
					"\"$(C74SUPPORT)/max-includes\"",
					"\"$(C74SUPPORT)/msp-includes\"",
					"\"$(C74SUPPORT)/jit-includes\"",
					"\"$(SRCROOT)/../../../lib/include/**",
				);
				LIBRARY_SEARCH_PATHS = (
					"$(inherited)",
					"\\\"$(SRCROOT)/../../../lib/lib\\\"",
					"\\\"$(SDKROOT)/usr/lib/gcc/i686-apple-darwin10/4.0.1\\\"",
					/Users/jasch/Documents/_icst/_research/SpatDIF/SpatDIF_API/spatdifrenderer/spatdifrenderer/spatdiflib/src,
				);
				OTHER_LDFLAGS = (
					"$(C74_SYM_LINKER_FLAGS)",
					"-lstdc++",
				);
				PRODUCT_NAME = spatdif;
				SDKROOT = macosx10.6;
			};
			name = Development;
		};
		2FBBEAE208F335360078DB84 /* Deployment */ = {
			isa = XCBuildConfiguration;
			baseConfigurationReference = 22CF10220EE984600054F513 /* maxmspsdk.xcconfig */;
			buildSettings = {
				C74SUPPORT = "$(SRCROOT)/../../../Max_SDK/c74support";
				COMBINE_HIDPI_IMAGES = YES;
				COPY_PHASE_STRIP = YES;
				DSTROOT = "$(SRCROOT)/build";
				GCC_VERSION = com.apple.compilers.llvm.clang.1_0;
				HEADER_SEARCH_PATHS = (
					/Developer/Headers/FlatCarbon,
					"\"$(C74SUPPORT)/max-includes\"",
					"\"$(C74SUPPORT)/msp-includes\"",
					"\"$(C74SUPPORT)/jit-includes\"",
					"\"$(SRCROOT)/../../../lib/include/**",
				);
				LIBRARY_SEARCH_PATHS = (
					"$(inherited)",
					"\\\"$(SRCROOT)/../../../lib/lib\\\"",
					"\\\"$(SDKROOT)/usr/lib/gcc/i686-apple-darwin10/4.0.1\\\"",
					/Users/jasch/Documents/_icst/_research/SpatDIF/SpatDIF_API/spatdifrenderer/spatdifrenderer/spatdiflib/src,
				);
				OTHER_LDFLAGS = (
					"$(C74_SYM_LINKER_FLAGS)",
					"-lstdc++",
				);
				PRODUCT_NAME = spatdif;
				SDKROOT = macosx10.6;
			};
			name = Deployment;
		};
/* End XCBuildConfiguration section */

/* Begin XCConfigurationList section */
		2FBBEACF08F335010078DB84 /* Build configuration list for PBXProject "spatdif" */ = {
			isa = XCConfigurationList;
			buildConfigurations = (
				2FBBEAD008F335010078DB84 /* Development */,
				2FBBEAD108F335010078DB84 /* Deployment */,
			);
			defaultConfigurationIsVisible = 0;
			defaultConfigurationName = Development;
		};
		2FBBEAE008F335360078DB84 /* Build configuration list for PBXNativeTarget "max-external" */ = {
			isa = XCConfigurationList;
			buildConfigurations = (
				2FBBEAE108F335360078DB84 /* Development */,
				2FBBEAE208F335360078DB84 /* Deployment */,
			);
			defaultConfigurationIsVisible = 0;
			defaultConfigurationName = Development;
		};
/* End XCConfigurationList section */
	};
	rootObject = 089C1669FE841209C02AAC07 /* Project object */;
}
